
Microsoft Visual Studio Solution File, Format Version 12.00
# Visual Studio Version 17
VisualStudioVersion = 17.14.37111.16 d17.14
MinimumVisualStudioVersion = 10.0.40219.1
Project("{FAE04EC0-301F-11D3-BF4B-00C04F79EFBC}") = "CodeAnalyzer", "CodeAnalyzer\CodeAnalyzer.csproj", "{BC2FC2D9-3560-475C-9DD1-35FAC56DFBE6}"
EndProject
Project("{FAE04EC0-301F-11D3-BF4B-00C04F79EFBC}") = "CodeAnalyzer.Core", "CodeAnalyzer.Core\CodeAnalyzer.Core.csproj", "{D88894DD-DB7D-44DA-9F3B-0E313051C241}"
EndProject
Project("{FAE04EC0-301F-11D3-BF4B-00C04F79EFBC}") = "CodeAnalyzer.Tests", "CodeAnalyzer.Tests\CodeAnalyzer.Tests.csproj", "{8F6ED17F-91D9-4132-9045-28E99018459D}"
EndProject
Global
	GlobalSection(SolutionConfigurationPlatforms) = preSolution
		Debug|Any CPU = Debug|Any CPU
		Release|Any CPU = Release|Any CPU
	EndGlobalSection
	GlobalSection(ProjectConfigurationPlatforms) = postSolution
		{BC2FC2D9-3560-475C-9DD1-35FAC56DFBE6}.Debug|Any CPU.ActiveCfg = Debug|Any CPU
		{BC2FC2D9-3560-475C-9DD1-35FAC56DFBE6}.Debug|Any CPU.Build.0 = Debug|Any CPU
		{BC2FC2D9-3560-475C-9DD1-35FAC56DFBE6}.Release|Any CPU.ActiveCfg = Release|Any CPU
		{BC2FC2D9-3560-475C-9DD1-35FAC56DFBE6}.Release|Any CPU.Build.0 = Release|Any CPU
		{D88894DD-DB7D-44DA-9F3B-0E313051C241}.Debug|Any CPU.ActiveCfg = Debug|Any CPU
		{D88894DD-DB7D-44DA-9F3B-0E313051C241}.Debug|Any CPU.Build.0 = Debug|Any CPU
		{D88894DD-DB7D-44DA-9F3B-0E313051C241}.Release|Any CPU.ActiveCfg = Release|Any CPU
		{D88894DD-DB7D-44DA-9F3B-0E313051C241}.Release|Any CPU.Build.0 = Release|Any CPU
		{8F6ED17F-91D9-4132-9045-28E99018459D}.Debug|Any CPU.ActiveCfg = Debug|Any CPU
		{8F6ED17F-91D9-4132-9045-28E99018459D}.Debug|Any CPU.Build.0 = Debug|Any CPU
		{8F6ED17F-91D9-4132-9045-28E99018459D}.Release|Any CPU.ActiveCfg = Release|Any CPU
		{8F6ED17F-91D9-4132-9045-28E99018459D}.Release|Any CPU.Build.0 = Release|Any CPU
	EndGlobalSection
	GlobalSection(SolutionProperties) = preSolution
		HideSolutionNode = FALSE
	EndGlobalSection
	GlobalSection(ExtensibilityGlobals) = postSolution
		SolutionGuid = {956412A4-24A4-45EE-81ED-76B3815ACF8D}
	EndGlobalSection
EndGlobal
